
Microsoft Visual Studio Solution File, Format Version 12.00
# Visual Studio Version 17
VisualStudioVersion = 17.8.34309.116
MinimumVisualStudioVersion = 10.0.40219.1
Project("{FAE04EC0-301F-11D3-BF4B-00C04F79EFBC}") = "EscolinhaDoCleitoUsandoCollections", "EscolinhaDoCleitoUsandoCollections.csproj", "{4E130EC1-3634-4CED-BD41-D0A714C1EEAF}"
EndProject
Global
	GlobalSection(SolutionConfigurationPlatforms) = preSolution
		Debug|Any CPU = Debug|Any CPU
		Release|Any CPU = Release|Any CPU
	EndGlobalSection
	GlobalSection(ProjectConfigurationPlatforms) = postSolution
		{4E130EC1-3634-4CED-BD41-D0A714C1EEAF}.Debug|Any CPU.ActiveCfg = Debug|Any CPU
		{4E130EC1-3634-4CED-BD41-D0A714C1EEAF}.Debug|Any CPU.Build.0 = Debug|Any CPU
		{4E130EC1-3634-4CED-BD41-D0A714C1EEAF}.Release|Any CPU.ActiveCfg = Release|Any CPU
		{4E130EC1-3634-4CED-BD41-D0A714C1EEAF}.Release|Any CPU.Build.0 = Release|Any CPU
	EndGlobalSection
	GlobalSection(SolutionProperties) = preSolution
		HideSolutionNode = FALSE
	EndGlobalSection
	GlobalSection(ExtensibilityGlobals) = postSolution
		SolutionGuid = {FACD87D8-2D82-4D08-929F-107D43ADB025}
	EndGlobalSection
EndGlobal
